# THIS IS AN AUTOGENERATED FILE. DO NOT EDIT THIS FILE DIRECTLY.
# yarn lockfile v1


cssesc@^3.0.0:
  version "3.0.0"
  resolved "https://registry.yarnpkg.com/cssesc/-/cssesc-3.0.0.tgz#37741919903b868565e1c09ea747445cd18983ee"
  integrity sha512-/Tb/JcjK111nNScGob5MNtsntNM1aCNUDipB/TkwZFhyDrrE47SOx/18wF2bbjgc3ZzCSKW1T5nt5EbFoAz/Vg==

fast-diff@^1.1.2:
  version "1.2.0"
  resolved "https://registry.yarnpkg.com/fast-diff/-/fast-diff-1.2.0.tgz#73ee11982d86caaf7959828d519cfe927fac5f03"
  integrity sha512-xJuoT5+L99XlZ8twedaRf6Ax2TgQVxvgZOYoPKqZufmJib0tL2tegPBOZb1pVNgIhlqDlA0eO0c3wBvQcmzx4w==

lodash@^4.17.21:
  version "4.17.21"
  resolved "https://registry.yarnpkg.com/lodash/-/lodash-4.17.21.tgz#679591c564c3bffaae8454cf0b3df370c3d6911c"
  integrity sha512-v2kDEe57lecTulaDIuNTPy3Ry4gLGJ6Z1O3vE1krgXZNrsQ+LFTGHVxVjcXPs17LhbZVGedAJv8XZ1tvj5FvSg==

lru-cache@^6.0.0:
  version "6.0.0"
  resolved "https://registry.yarnpkg.com/lru-cache/-/lru-cache-6.0.0.tgz#6d6fe6570ebd96aaf90fcad1dafa3b2566db3a94"
  integrity sha512-Jo6dJ04CmSjuznwJSS3pUeWmd/H0ffTlkXXgwZi+eq1UCmqQwCh+eLsYOYCwY991i2Fah4h1BEMCx4qThGbsiA==
  dependencies:
    yallist "^4.0.0"

postcss-media-query-parser@^0.2.3:
  version "0.2.3"
  resolved "https://registry.yarnpkg.com/postcss-media-query-parser/-/postcss-media-query-parser-0.2.3.tgz#27b39c6f4d94f81b1a73b8f76351c609e5cef244"
  integrity sha512-3sOlxmbKcSHMjlUXQZKQ06jOswE7oVkXPxmZdoB1r5l0q6gTFTQSHxNxOrCccElbW7dxNytifNEo8qidX2Vsig==

postcss-resolve-nested-selector@^0.1.1:
  version "0.1.1"
  resolved "https://registry.yarnpkg.com/postcss-resolve-nested-selector/-/postcss-resolve-nested-selector-0.1.1.tgz#29ccbc7c37dedfac304e9fff0bf1596b3f6a0e4e"
  integrity sha512-HvExULSwLqHLgUy1rl3ANIqCsvMS0WHss2UOsXhXnQaZ9VCc2oBvIpXrl00IUFT5ZDITME0o6oiXeiHr2SAIfw==

postcss-scss@^4.0.2:
  version "4.0.6"
  resolved "https://registry.yarnpkg.com/postcss-scss/-/postcss-scss-4.0.6.tgz#5d62a574b950a6ae12f2aa89b60d63d9e4432bfd"
  integrity sha512-rLDPhJY4z/i4nVFZ27j9GqLxj1pwxE80eAzUNRMXtcpipFYIeowerzBgG3yJhMtObGEXidtIgbUpQ3eLDsf5OQ==

postcss-selector-parser@^6.0.6:
  version "6.0.11"
  resolved "https://registry.yarnpkg.com/postcss-selector-parser/-/postcss-selector-parser-6.0.11.tgz#2e41dc39b7ad74046e1615185185cd0b17d0c8dc"
  integrity sha512-zbARubNdogI9j7WY4nQJBiNqQf3sLS3wCP4WfOidu+p28LofJqDH1tcXypGrcmMHhDk2t9wGhCsYe/+szLTy1g==
  dependencies:
    cssesc "^3.0.0"
    util-deprecate "^1.0.2"

postcss-value-parser@^4.1.0:
  version "4.2.0"
  resolved "https://registry.yarnpkg.com/postcss-value-parser/-/postcss-value-parser-4.2.0.tgz#723c09920836ba6d3e5af019f92bc0971c02e514"
  integrity sha512-1NNCs6uurfkVbeXG4S8JFT9t19m45ICnif8zWLd5oPSZ50QnwMfK+H3jv408d4jw/7Bttv5axS5IiHoLaVNHeQ==

prettier-linter-helpers@^1.0.0:
  version "1.0.0"
  resolved "https://registry.yarnpkg.com/prettier-linter-helpers/-/prettier-linter-helpers-1.0.0.tgz#d23d41fe1375646de2d0104d3454a3008802cf7b"
  integrity sha512-GbK2cP9nraSSUF9N2XwUwqfzlAFlMNYYl+ShE/V+H8a9uNl/oUqB1w2EL54Jh0OlyRSd8RfWYJ3coVS4TROP2w==
  dependencies:
    fast-diff "^1.1.2"

semver@^7.3.5:
  version "7.3.8"
  resolved "https://registry.yarnpkg.com/semver/-/semver-7.3.8.tgz#07a78feafb3f7b32347d725e33de7e2a2df67798"
  integrity sha512-NB1ctGL5rlHrPJtFDVIVzTyQylMLu9N9VICA6HSFJo8MCGVTMW6gfpicwKmmK/dAjTOrqu5l63JJOpDSrAis3A==
  dependencies:
    lru-cache "^6.0.0"

stylelint-config-html@>=1.0.0:
  version "1.1.0"
  resolved "https://registry.yarnpkg.com/stylelint-config-html/-/stylelint-config-html-1.1.0.tgz#999db19aea713b7ff6dde92ada76e4c1bd812b66"
  integrity sha512-IZv4IVESjKLumUGi+HWeb7skgO6/g4VMuAYrJdlqQFndgbj6WJAXPhaysvBiXefX79upBdQVumgYcdd17gCpjQ==

stylelint-config-recommended-scss@^9.0.0:
  version "9.0.1"
  resolved "https://registry.yarnpkg.com/stylelint-config-recommended-scss/-/stylelint-config-recommended-scss-9.0.1.tgz#7ea233ea637ac2d8f0b50d8aad236257e44e2cbb"
  integrity sha512-qAmz/TdrqslwiMTuLM3QXeISUkfEDUXGMfRBCHm/xrkCJNnQefv+mzG2mWTsWkqcVk8HAyUkug10dwAcYp2fCQ==
  dependencies:
    postcss-scss "^4.0.2"
    stylelint-config-recommended "^10.0.1"
    stylelint-scss "^4.4.0"

stylelint-config-recommended-vue@>=1.1.0:
  version "1.4.0"
  resolved "https://registry.yarnpkg.com/stylelint-config-recommended-vue/-/stylelint-config-recommended-vue-1.4.0.tgz#0a182da17dc9e846e4bec65a7676ccf882b35964"
  integrity sha512-DVJqyX2KvMCn9U0+keL12r7xlsH26K4Vg8NrIZuq5MoF7g82DpMp326Om4E0Q+Il1o+bTHuUyejf2XAI0iD04Q==
  dependencies:
    semver "^7.3.5"
    stylelint-config-html ">=1.0.0"
    stylelint-config-recommended ">=6.0.0"

stylelint-config-recommended@>=6.0.0, stylelint-config-recommended@^10.0.1:
  version "10.0.1"
  resolved "https://registry.yarnpkg.com/stylelint-config-recommended/-/stylelint-config-recommended-10.0.1.tgz#25a8828acf6cde87dac6db2950c8c4ed82a69ae1"
  integrity sha512-TQ4xQ48tW4QSlODcti7pgSRqBZcUaBzuh0jPpfiMhwJKBPkqzTIAU+IrSWL/7BgXlOM90DjB7YaNgFpx8QWhuA==

stylelint-config-standard-scss@^7.0.1:
  version "7.0.1"
  resolved "https://registry.yarnpkg.com/stylelint-config-standard-scss/-/stylelint-config-standard-scss-7.0.1.tgz#4ba83fa19e1508937f7e02674e085cf94fc1a145"
  integrity sha512-m5sRdtsB1F5fnC1Ozla7ryftU47wVpO+HWd+JQTqeoG0g/oPh5EfbWfcVHbNCEtuoHfALIySiUWS20pz2hX6jA==
  dependencies:
    stylelint-config-recommended-scss "^9.0.0"
    stylelint-config-standard "^30.0.1"

stylelint-config-standard-vue@^1.0.0:
  version "1.0.0"
  resolved "https://registry.yarnpkg.com/stylelint-config-standard-vue/-/stylelint-config-standard-vue-1.0.0.tgz#918c77f5e65ee09bd732afa5af229f1d93788208"
  integrity sha512-wAzU7p6DSlo04pWfCbOcaMq09Nojt0FEsbdxhCBTdC7IguD9ZVl7FP/bvyA0HAHjZGC4JkW7m6WiQaoVMDSuFw==
  dependencies:
    stylelint-config-html ">=1.0.0"
    stylelint-config-recommended-vue ">=1.1.0"
    stylelint-config-standard ">=24.0.0"

stylelint-config-standard@>=24.0.0, stylelint-config-standard@^30.0.1:
  version "30.0.1"
  resolved "https://registry.yarnpkg.com/stylelint-config-standard/-/stylelint-config-standard-30.0.1.tgz#a84d57c240c37f7db47023ab9d2e64c49090e1eb"
  integrity sha512-NbeHOmpRQhjZh5XB1B/S4MLRWvz4xxAxeDBjzl0tY2xEcayNhLbaRGF0ZQzq+DQZLCcPpOHeS2Ru1ydbkhkmLg==
  dependencies:
    stylelint-config-recommended "^10.0.1"

stylelint-prettier@^3.0.0:
  version "3.0.0"
  resolved "https://registry.yarnpkg.com/stylelint-prettier/-/stylelint-prettier-3.0.0.tgz#57028b99866ed4c3ae045ddd891bf9a77d274726"
  integrity sha512-kIks1xw6np0zElokMT2kP6ar3S4MBoj6vUtPJuND1pFELMpZxVS/0uHPR4HDAVn0WAD3I5oF0IA3qBFxBpMkLg==
  dependencies:
    prettier-linter-helpers "^1.0.0"

stylelint-scss@^4.4.0:
  version "4.4.0"
  resolved "https://registry.yarnpkg.com/stylelint-scss/-/stylelint-scss-4.4.0.tgz#87ce9d049eff1ce67cce788780fbfda63099017e"
  integrity sha512-Qy66a+/30aylFhPmUArHhVsHOun1qrO93LGT15uzLuLjWS7hKDfpFm34mYo1ndR4MCo8W4bEZM1+AlJRJORaaw==
  dependencies:
    lodash "^4.17.21"
    postcss-media-query-parser "^0.2.3"
    postcss-resolve-nested-selector "^0.1.1"
    postcss-selector-parser "^6.0.6"
    postcss-value-parser "^4.1.0"

util-deprecate@^1.0.2:
  version "1.0.2"
  resolved "https://registry.yarnpkg.com/util-deprecate/-/util-deprecate-1.0.2.tgz#450d4dc9fa70de732762fbd2d4a28981419a0ccf"
  integrity sha512-EPD5q1uXyFxJpCrLnCc1nHnq3gOa6DZBocAIiI2TaSCA7VCJ1UJDMagCzIkXNsUYfD1daK//LTEQ8xiIbrHtcw==

yallist@^4.0.0:
  version "4.0.0"
  resolved "https://registry.yarnpkg.com/yallist/-/yallist-4.0.0.tgz#9bb92790d9c0effec63be73519e11a35019a3a72"
  integrity sha512-3wdGidZyq5PB084XLES5TpOSRA3wjXAlIWMhum2kRcv/41Sn2emQ0dycQW4uZXLejwKvg6EsvbdlVL+FYEct7A==
